
Microsoft Visual Studio Solution File, Format Version 12.00
# Visual Studio 14
VisualStudioVersion = 14.0.23107.0
MinimumVisualStudioVersion = 10.0.40219.1
Project("{FAE04EC0-301F-11D3-BF4B-00C04F79EFBC}") = "Bittorrent Client", "Bittorrent Client\Bittorrent Client.csproj", "{459E2DEC-565D-471A-84B9-D59255A49AFE}"
EndProject
Global
	GlobalSection(SolutionConfigurationPlatforms) = preSolution
		Debug|Any CPU = Debug|Any CPU
		Release|Any CPU = Release|Any CPU
	EndGlobalSection
	GlobalSection(ProjectConfigurationPlatforms) = postSolution
		{459E2DEC-565D-471A-84B9-D59255A49AFE}.Debug|Any CPU.ActiveCfg = Debug|Any CPU
		{459E2DEC-565D-471A-84B9-D59255A49AFE}.Debug|Any CPU.Build.0 = Debug|Any CPU
		{459E2DEC-565D-471A-84B9-D59255A49AFE}.Release|Any CPU.ActiveCfg = Release|Any CPU
		{459E2DEC-565D-471A-84B9-D59255A49AFE}.Release|Any CPU.Build.0 = Release|Any CPU
	EndGlobalSection
	GlobalSection(SolutionProperties) = preSolution
		HideSolutionNode = FALSE
	EndGlobalSection
EndGlobal
